
Microsoft Visual Studio Solution File, Format Version 12.00
# Visual Studio Version 17
VisualStudioVersion = 17.4.33205.214
MinimumVisualStudioVersion = 10.0.40219.1
Project("{9A19103F-16F7-4668-BE54-9A1E7A4F7556}") = "VkCtst", "VkCtst\VkCtst.csproj", "{AD413CDB-EA1C-43DD-B2E7-53BE6DBAF2F1}"
EndProject
Global
	GlobalSection(SolutionConfigurationPlatforms) = preSolution
		Debug|Any CPU = Debug|Any CPU
		Release|Any CPU = Release|Any CPU
	EndGlobalSection
	GlobalSection(ProjectConfigurationPlatforms) = postSolution
		{AD413CDB-EA1C-43DD-B2E7-53BE6DBAF2F1}.Debug|Any CPU.ActiveCfg = Debug|Any CPU
		{AD413CDB-EA1C-43DD-B2E7-53BE6DBAF2F1}.Debug|Any CPU.Build.0 = Debug|Any CPU
		{AD413CDB-EA1C-43DD-B2E7-53BE6DBAF2F1}.Release|Any CPU.ActiveCfg = Release|Any CPU
		{AD413CDB-EA1C-43DD-B2E7-53BE6DBAF2F1}.Release|Any CPU.Build.0 = Release|Any CPU
	EndGlobalSection
	GlobalSection(SolutionProperties) = preSolution
		HideSolutionNode = FALSE
	EndGlobalSection
	GlobalSection(ExtensibilityGlobals) = postSolution
		SolutionGuid = {E2101A68-56FD-4111-853F-ED76B95852EC}
	EndGlobalSection
EndGlobal
